
Microsoft Visual Studio Solution File, Format Version 12.00
# Visual Studio 2012
Project("{8BC9CEB8-8B4A-11D0-8D11-00A0C91BC942}") = "Roulette", "Roulette\Roulette.vcxproj", "{12A31454-9671-4912-A245-36447DD1B28D}"
EndProject
Global
	GlobalSection(SolutionConfigurationPlatforms) = preSolution
		Debug|Win32 = Debug|Win32
		Release|Win32 = Release|Win32
	EndGlobalSection
	GlobalSection(ProjectConfigurationPlatforms) = postSolution
		{12A31454-9671-4912-A245-36447DD1B28D}.Debug|Win32.ActiveCfg = Debug|Win32
		{12A31454-9671-4912-A245-36447DD1B28D}.Debug|Win32.Build.0 = Debug|Win32
		{12A31454-9671-4912-A245-36447DD1B28D}.Release|Win32.ActiveCfg = Release|Win32
		{12A31454-9671-4912-A245-36447DD1B28D}.Release|Win32.Build.0 = Release|Win32
	EndGlobalSection
	GlobalSection(SolutionProperties) = preSolution
		HideSolutionNode = FALSE
	EndGlobalSection
EndGlobal
